{
  "name": "ftfan",
  "version": "1.0.0",
  "lockfileVersion": 1,
  "requires": true,
  "dependencies": {
    "@types/node": {
      "version": "10.12.18",
      "resolved": "https://mvnrepo.mkurl.cn/repository/npm-public/@types/node/-/node-10.12.18.tgz",
      "integrity": "sha512-fh+pAqt4xRzPfqA6eh3Z2y6fyZavRIumvjhaCL753+TVkGKGhpPeyrJG2JftD0T9q4GF00KjefsQ+PQNDdWQaQ==",
      "dev": true
    },
    "@types/requirejs": {
      "version": "2.1.31",
      "resolved": "https://mvnrepo.mkurl.cn/repository/npm-public/@types/requirejs/-/requirejs-2.1.31.tgz",
      "integrity": "sha512-b2soeyuU76rMbcRJ4e0hEl0tbMhFwZeTC0VZnfuWlfGlk6BwWNsev6kFu/twKABPX29wkX84wU2o+cEJoXsiTw==",
      "dev": true
    },
    "node": {
      "version": "11.5.0",
      "resolved": "https://mvnrepo.mkurl.cn/repository/npm-public/node/-/node-11.5.0.tgz",
      "integrity": "sha512-54kUU1+5dsisCZCVphQ5w2h1iB3qtn8bsaMSmf+T86nvBODGzKXOt0QkSMS+DMsCZg0AVx5+5WBmSe54OXylUQ==",
      "requires": {
        "node-bin-setup": "^1.0.0"
      }
    },
    "node-bin-setup": {
      "version": "1.0.6",
      "resolved": "https://mvnrepo.mkurl.cn/repository/npm-public/node-bin-setup/-/node-bin-setup-1.0.6.tgz",
      "integrity": "sha512-uPIxXNis1CRbv1DwqAxkgBk5NFV3s7cMN/Gf556jSw6jBvV7ca4F9lRL/8cALcZecRibeqU+5dFYqFFmzv5a0Q=="
    },
    "requirejs": {
      "version": "2.3.6",
      "resolved": "https://mvnrepo.mkurl.cn/repository/npm-public/requirejs/-/requirejs-2.3.6.tgz",
      "integrity": "sha512-ipEzlWQe6RK3jkzikgCupiTbTvm4S0/CAU5GlgptkN5SO6F3u0UD0K18wy6ErDqiCyP4J4YYe1HuAShvsxePLg==",
      "dev": true
    },
    "typescript": {
      "version": "3.2.2",
      "resolved": "https://mvnrepo.mkurl.cn/repository/npm-public/typescript/-/typescript-3.2.2.tgz",
      "integrity": "sha512-VCj5UiSyHBjwfYacmDuc/NOk4QQixbE+Wn7MFJuS0nRuPQbof132Pw4u53dm264O8LPc2MVsc7RJNml5szurkg==",
      "dev": true
    }
  }
}
